
Microsoft Visual Studio Solution File, Format Version 12.00
# Visual Studio Version 16
VisualStudioVersion = 16.0.32802.440
MinimumVisualStudioVersion = 10.0.40219.1
Project("{8BC9CEB8-8B4A-11D0-8D11-00A0C91BC942}") = "CS580HW4", "CS580HW4.vcxproj", "{57D980D2-1BA7-4690-96B9-0D8AFDF7D805}"
EndProject
Global
	GlobalSection(SolutionConfigurationPlatforms) = preSolution
		Debug|x86 = Debug|x86
		Release|x86 = Release|x86
	EndGlobalSection
	GlobalSection(ProjectConfigurationPlatforms) = postSolution
		{57D980D2-1BA7-4690-96B9-0D8AFDF7D805}.Debug|x86.ActiveCfg = Debug|Win32
		{57D980D2-1BA7-4690-96B9-0D8AFDF7D805}.Debug|x86.Build.0 = Debug|Win32
		{57D980D2-1BA7-4690-96B9-0D8AFDF7D805}.Release|x86.ActiveCfg = Release|Win32
		{57D980D2-1BA7-4690-96B9-0D8AFDF7D805}.Release|x86.Build.0 = Release|Win32
	EndGlobalSection
	GlobalSection(SolutionProperties) = preSolution
		HideSolutionNode = FALSE
	EndGlobalSection
	GlobalSection(ExtensibilityGlobals) = postSolution
		SolutionGuid = {AB06D93B-2962-4AFE-AE22-C3855F2B2648}
	EndGlobalSection
EndGlobal
